<?xml version="1.0" encoding="utf-8"?>
<Project ToolsVersion="4.0" xmlns="http://schemas.microsoft.com/developer/msbuild/2003">
  <ItemGroup>
    <ClCompile Include="main.cpp" />
    <ClCompile Include="script.cpp" />
    <ClCompile Include="utils.cpp" />
    <ClCompile Include="keyboard.cpp" />
    <ClCompile Include="scenario.cpp" />
    <ClCompile Include="weather.cpp" />
    <ClCompile Include="clipset_movement.cpp" />
    <ClCompile Include="Ligthing.cpp" />
    <ClCompile Include="relationship.cpp" />
    <ClCompile Include="driving_mode.cpp" />
    <ClCompile Include="Actor.cpp" />
    <ClCompile Include="ActorRecording.cpp" />
    <ClCompile Include="Animation.cpp" />
    <ClCompile Include="ActorProp.cpp" />
    <ClCompile Include="tinyxml2.cpp" />
    <ClCompile Include="BirdsEyeMode.cpp" />
    <ClCompile Include="SyncedAnimation.cpp" />
    <ClCompile Include="GTAObject.cpp" />
    <ClCompile Include="StageLight.cpp" />
  </ItemGroup>
  <ItemGroup>
    <ClInclude Include="..\..\inc\enums.h">
      <Filter>include</Filter>
    </ClInclude>
    <ClInclude Include="..\..\inc\natives.h">
      <Filter>include</Filter>
    </ClInclude>
    <ClInclude Include="..\..\inc\types.h">
      <Filter>include</Filter>
    </ClInclude>
    <ClInclude Include="script.h" />
    <ClInclude Include="utils.h" />
    <ClInclude Include="..\..\inc\main.h">
      <Filter>include</Filter>
    </ClInclude>
    <ClInclude Include="keyboard.h" />
    <ClInclude Include="scenario.h" />
    <ClInclude Include="weather.h" />
    <ClInclude Include="clipset_movement.h" />
    <ClInclude Include="Lighting.h" />
    <ClInclude Include="relationship.h" />
    <ClInclude Include="driving_mode.h" />
    <ClInclude Include="Actor.h" />
    <ClInclude Include="ActorRecording.h" />
    <ClInclude Include="Animation.h" />
    <ClInclude Include="ActorProp.h" />
    <ClInclude Include="tinyxml2.h" />
    <ClInclude Include="BirdsEyeMode.h" />
    <ClInclude Include="Prop.h" />
    <ClInclude Include="SyncedAnimation.h" />
    <ClInclude Include="GTAObject.h" />
    <ClInclude Include="StageLight.h" />
  </ItemGroup>
  <ItemGroup>
    <Filter Include="include">
      <UniqueIdentifier>{5d58942b-ebbf-4d0a-9526-359e3a556796}</UniqueIdentifier>
    </Filter>
  </ItemGroup>
</Project>